
Microsoft Visual Studio Solution File, Format Version 12.00
# Visual Studio 14
VisualStudioVersion = 14.0.23107.0
MinimumVisualStudioVersion = 10.0.40219.1
Project("{FAE04EC0-301F-11D3-BF4B-00C04F79EFBC}") = "EmployeeList", "EmployeeList\EmployeeList\EmployeeList.csproj", "{BE1FD5E2-8EB5-4C9F-B0D5-124287C8870A}"
EndProject
Project("{FAE04EC0-301F-11D3-BF4B-00C04F79EFBC}") = "EmployeeList.iOS", "EmployeeList\EmployeeList.iOS\EmployeeList.iOS.csproj", "{EC509640-52A2-421C-A7F3-8FB863902BBF}"
EndProject
Project("{FAE04EC0-301F-11D3-BF4B-00C04F79EFBC}") = "EmployeeList.Droid", "EmployeeList\EmployeeList.Droid\EmployeeList.Droid.csproj", "{5CB52B5D-2491-44FF-AED9-7846F3E92B2E}"
EndProject
Project("{FAE04EC0-301F-11D3-BF4B-00C04F79EFBC}") = "EmployeeList.WinPhone", "EmployeeList\EmployeeList.WinPhone\EmployeeList.WinPhone.csproj", "{722115BF-587D-43A5-A241-96D4DEF2E693}"
EndProject
Project("{FAE04EC0-301F-11D3-BF4B-00C04F79EFBC}") = "EmployeeListEngine", "EmployeeListEngine\EmployeeListEngine.csproj", "{67F9D3A8-F71E-4428-913F-C37AE82CDB24}"
EndProject
Global
	GlobalSection(SolutionConfigurationPlatforms) = preSolution
		Ad-Hoc|Any CPU = Ad-Hoc|Any CPU
		Ad-Hoc|ARM = Ad-Hoc|ARM
		Ad-Hoc|iPhone = Ad-Hoc|iPhone
		Ad-Hoc|iPhoneSimulator = Ad-Hoc|iPhoneSimulator
		Ad-Hoc|x86 = Ad-Hoc|x86
		AppStore|Any CPU = AppStore|Any CPU
		AppStore|ARM = AppStore|ARM
		AppStore|iPhone = AppStore|iPhone
		AppStore|iPhoneSimulator = AppStore|iPhoneSimulator
		AppStore|x86 = AppStore|x86
		Debug|Any CPU = Debug|Any CPU
		Debug|ARM = Debug|ARM
		Debug|iPhone = Debug|iPhone
		Debug|iPhoneSimulator = Debug|iPhoneSimulator
		Debug|x86 = Debug|x86
		Release|Any CPU = Release|Any CPU
		Release|ARM = Release|ARM
		Release|iPhone = Release|iPhone
		Release|iPhoneSimulator = Release|iPhoneSimulator
		Release|x86 = Release|x86
	EndGlobalSection
	GlobalSection(ProjectConfigurationPlatforms) = postSolution
		{BE1FD5E2-8EB5-4C9F-B0D5-124287C8870A}.Ad-Hoc|Any CPU.ActiveCfg = Release|Any CPU
		{BE1FD5E2-8EB5-4C9F-B0D5-124287C8870A}.Ad-Hoc|Any CPU.Build.0 = Release|Any CPU
		{BE1FD5E2-8EB5-4C9F-B0D5-124287C8870A}.Ad-Hoc|ARM.ActiveCfg = Release|Any CPU
		{BE1FD5E2-8EB5-4C9F-B0D5-124287C8870A}.Ad-Hoc|ARM.Build.0 = Release|Any CPU
		{BE1FD5E2-8EB5-4C9F-B0D5-124287C8870A}.Ad-Hoc|iPhone.ActiveCfg = Release|Any CPU
		{BE1FD5E2-8EB5-4C9F-B0D5-124287C8870A}.Ad-Hoc|iPhone.Build.0 = Release|Any CPU
		{BE1FD5E2-8EB5-4C9F-B0D5-124287C8870A}.Ad-Hoc|iPhoneSimulator.ActiveCfg = Release|Any CPU
		{BE1FD5E2-8EB5-4C9F-B0D5-124287C8870A}.Ad-Hoc|iPhoneSimulator.Build.0 = Release|Any CPU
		{BE1FD5E2-8EB5-4C9F-B0D5-124287C8870A}.Ad-Hoc|x86.ActiveCfg = Release|Any CPU
		{BE1FD5E2-8EB5-4C9F-B0D5-124287C8870A}.Ad-Hoc|x86.Build.0 = Release|Any CPU
		{BE1FD5E2-8EB5-4C9F-B0D5-124287C8870A}.AppStore|Any CPU.ActiveCfg = Release|Any CPU
		{BE1FD5E2-8EB5-4C9F-B0D5-124287C8870A}.AppStore|Any CPU.Build.0 = Release|Any CPU
		{BE1FD5E2-8EB5-4C9F-B0D5-124287C8870A}.AppStore|ARM.ActiveCfg = Release|Any CPU
		{BE1FD5E2-8EB5-4C9F-B0D5-124287C8870A}.AppStore|ARM.Build.0 = Release|Any CPU
		{BE1FD5E2-8EB5-4C9F-B0D5-124287C8870A}.AppStore|iPhone.ActiveCfg = Release|Any CPU
		{BE1FD5E2-8EB5-4C9F-B0D5-124287C8870A}.AppStore|iPhone.Build.0 = Release|Any CPU
		{BE1FD5E2-8EB5-4C9F-B0D5-124287C8870A}.AppStore|iPhoneSimulator.ActiveCfg = Release|Any CPU
		{BE1FD5E2-8EB5-4C9F-B0D5-124287C8870A}.AppStore|iPhoneSimulator.Build.0 = Release|Any CPU
		{BE1FD5E2-8EB5-4C9F-B0D5-124287C8870A}.AppStore|x86.ActiveCfg = Release|Any CPU
		{BE1FD5E2-8EB5-4C9F-B0D5-124287C8870A}.AppStore|x86.Build.0 = Release|Any CPU
		{BE1FD5E2-8EB5-4C9F-B0D5-124287C8870A}.Debug|Any CPU.ActiveCfg = Debug|Any CPU
		{BE1FD5E2-8EB5-4C9F-B0D5-124287C8870A}.Debug|Any CPU.Build.0 = Debug|Any CPU
		{BE1FD5E2-8EB5-4C9F-B0D5-124287C8870A}.Debug|ARM.ActiveCfg = Debug|Any CPU
		{BE1FD5E2-8EB5-4C9F-B0D5-124287C8870A}.Debug|ARM.Build.0 = Debug|Any CPU
		{BE1FD5E2-8EB5-4C9F-B0D5-124287C8870A}.Debug|iPhone.ActiveCfg = Debug|Any CPU
		{BE1FD5E2-8EB5-4C9F-B0D5-124287C8870A}.Debug|iPhone.Build.0 = Debug|Any CPU
		{BE1FD5E2-8EB5-4C9F-B0D5-124287C8870A}.Debug|iPhoneSimulator.ActiveCfg = Debug|Any CPU
		{BE1FD5E2-8EB5-4C9F-B0D5-124287C8870A}.Debug|iPhoneSimulator.Build.0 = Debug|Any CPU
		{BE1FD5E2-8EB5-4C9F-B0D5-124287C8870A}.Debug|x86.ActiveCfg = Debug|Any CPU
		{BE1FD5E2-8EB5-4C9F-B0D5-124287C8870A}.Debug|x86.Build.0 = Debug|Any CPU
		{BE1FD5E2-8EB5-4C9F-B0D5-124287C8870A}.Release|Any CPU.ActiveCfg = Release|Any CPU
		{BE1FD5E2-8EB5-4C9F-B0D5-124287C8870A}.Release|Any CPU.Build.0 = Release|Any CPU
		{BE1FD5E2-8EB5-4C9F-B0D5-124287C8870A}.Release|ARM.ActiveCfg = Release|Any CPU
		{BE1FD5E2-8EB5-4C9F-B0D5-124287C8870A}.Release|ARM.Build.0 = Release|Any CPU
		{BE1FD5E2-8EB5-4C9F-B0D5-124287C8870A}.Release|iPhone.ActiveCfg = Release|Any CPU
		{BE1FD5E2-8EB5-4C9F-B0D5-124287C8870A}.Release|iPhone.Build.0 = Release|Any CPU
		{BE1FD5E2-8EB5-4C9F-B0D5-124287C8870A}.Release|iPhoneSimulator.ActiveCfg = Release|Any CPU
		{BE1FD5E2-8EB5-4C9F-B0D5-124287C8870A}.Release|iPhoneSimulator.Build.0 = Release|Any CPU
		{BE1FD5E2-8EB5-4C9F-B0D5-124287C8870A}.Release|x86.ActiveCfg = Release|Any CPU
		{BE1FD5E2-8EB5-4C9F-B0D5-124287C8870A}.Release|x86.Build.0 = Release|Any CPU
		{EC509640-52A2-421C-A7F3-8FB863902BBF}.Ad-Hoc|Any CPU.ActiveCfg = Ad-Hoc|iPhone
		{EC509640-52A2-421C-A7F3-8FB863902BBF}.Ad-Hoc|ARM.ActiveCfg = Ad-Hoc|iPhone
		{EC509640-52A2-421C-A7F3-8FB863902BBF}.Ad-Hoc|iPhone.ActiveCfg = Ad-Hoc|iPhone
		{EC509640-52A2-421C-A7F3-8FB863902BBF}.Ad-Hoc|iPhone.Build.0 = Ad-Hoc|iPhone
		{EC509640-52A2-421C-A7F3-8FB863902BBF}.Ad-Hoc|iPhoneSimulator.ActiveCfg = Ad-Hoc|iPhoneSimulator
		{EC509640-52A2-421C-A7F3-8FB863902BBF}.Ad-Hoc|iPhoneSimulator.Build.0 = Ad-Hoc|iPhoneSimulator
		{EC509640-52A2-421C-A7F3-8FB863902BBF}.Ad-Hoc|x86.ActiveCfg = Ad-Hoc|iPhone
		{EC509640-52A2-421C-A7F3-8FB863902BBF}.AppStore|Any CPU.ActiveCfg = AppStore|iPhone
		{EC509640-52A2-421C-A7F3-8FB863902BBF}.AppStore|ARM.ActiveCfg = AppStore|iPhone
		{EC509640-52A2-421C-A7F3-8FB863902BBF}.AppStore|iPhone.ActiveCfg = AppStore|iPhone
		{EC509640-52A2-421C-A7F3-8FB863902BBF}.AppStore|iPhone.Build.0 = AppStore|iPhone
		{EC509640-52A2-421C-A7F3-8FB863902BBF}.AppStore|iPhoneSimulator.ActiveCfg = AppStore|iPhoneSimulator
		{EC509640-52A2-421C-A7F3-8FB863902BBF}.AppStore|iPhoneSimulator.Build.0 = AppStore|iPhoneSimulator
		{EC509640-52A2-421C-A7F3-8FB863902BBF}.AppStore|x86.ActiveCfg = AppStore|iPhone
		{EC509640-52A2-421C-A7F3-8FB863902BBF}.Debug|Any CPU.ActiveCfg = Debug|iPhone
		{EC509640-52A2-421C-A7F3-8FB863902BBF}.Debug|ARM.ActiveCfg = Debug|iPhone
		{EC509640-52A2-421C-A7F3-8FB863902BBF}.Debug|iPhone.ActiveCfg = Debug|iPhone
		{EC509640-52A2-421C-A7F3-8FB863902BBF}.Debug|iPhone.Build.0 = Debug|iPhone
		{EC509640-52A2-421C-A7F3-8FB863902BBF}.Debug|iPhoneSimulator.ActiveCfg = Debug|iPhoneSimulator
		{EC509640-52A2-421C-A7F3-8FB863902BBF}.Debug|iPhoneSimulator.Build.0 = Debug|iPhoneSimulator
		{EC509640-52A2-421C-A7F3-8FB863902BBF}.Debug|x86.ActiveCfg = Debug|iPhone
		{EC509640-52A2-421C-A7F3-8FB863902BBF}.Release|Any CPU.ActiveCfg = Release|iPhone
		{EC509640-52A2-421C-A7F3-8FB863902BBF}.Release|ARM.ActiveCfg = Release|iPhone
		{EC509640-52A2-421C-A7F3-8FB863902BBF}.Release|iPhone.ActiveCfg = Release|iPhone
		{EC509640-52A2-421C-A7F3-8FB863902BBF}.Release|iPhone.Build.0 = Release|iPhone
		{EC509640-52A2-421C-A7F3-8FB863902BBF}.Release|iPhoneSimulator.ActiveCfg = Release|iPhoneSimulator
		{EC509640-52A2-421C-A7F3-8FB863902BBF}.Release|iPhoneSimulator.Build.0 = Release|iPhoneSimulator
		{EC509640-52A2-421C-A7F3-8FB863902BBF}.Release|x86.ActiveCfg = Release|iPhone
		{5CB52B5D-2491-44FF-AED9-7846F3E92B2E}.Ad-Hoc|Any CPU.ActiveCfg = Release|Any CPU
		{5CB52B5D-2491-44FF-AED9-7846F3E92B2E}.Ad-Hoc|Any CPU.Build.0 = Release|Any CPU
		{5CB52B5D-2491-44FF-AED9-7846F3E92B2E}.Ad-Hoc|Any CPU.Deploy.0 = Release|Any CPU
		{5CB52B5D-2491-44FF-AED9-7846F3E92B2E}.Ad-Hoc|ARM.ActiveCfg = Release|Any CPU
		{5CB52B5D-2491-44FF-AED9-7846F3E92B2E}.Ad-Hoc|ARM.Build.0 = Release|Any CPU
		{5CB52B5D-2491-44FF-AED9-7846F3E92B2E}.Ad-Hoc|ARM.Deploy.0 = Release|Any CPU
		{5CB52B5D-2491-44FF-AED9-7846F3E92B2E}.Ad-Hoc|iPhone.ActiveCfg = Release|Any CPU
		{5CB52B5D-2491-44FF-AED9-7846F3E92B2E}.Ad-Hoc|iPhone.Build.0 = Release|Any CPU
		{5CB52B5D-2491-44FF-AED9-7846F3E92B2E}.Ad-Hoc|iPhone.Deploy.0 = Release|Any CPU
		{5CB52B5D-2491-44FF-AED9-7846F3E92B2E}.Ad-Hoc|iPhoneSimulator.ActiveCfg = Release|Any CPU
		{5CB52B5D-2491-44FF-AED9-7846F3E92B2E}.Ad-Hoc|iPhoneSimulator.Build.0 = Release|Any CPU
		{5CB52B5D-2491-44FF-AED9-7846F3E92B2E}.Ad-Hoc|iPhoneSimulator.Deploy.0 = Release|Any CPU
		{5CB52B5D-2491-44FF-AED9-7846F3E92B2E}.Ad-Hoc|x86.ActiveCfg = Release|Any CPU
		{5CB52B5D-2491-44FF-AED9-7846F3E92B2E}.Ad-Hoc|x86.Build.0 = Release|Any CPU
		{5CB52B5D-2491-44FF-AED9-7846F3E92B2E}.Ad-Hoc|x86.Deploy.0 = Release|Any CPU
		{5CB52B5D-2491-44FF-AED9-7846F3E92B2E}.AppStore|Any CPU.ActiveCfg = Release|Any CPU
		{5CB52B5D-2491-44FF-AED9-7846F3E92B2E}.AppStore|Any CPU.Build.0 = Release|Any CPU
		{5CB52B5D-2491-44FF-AED9-7846F3E92B2E}.AppStore|Any CPU.Deploy.0 = Release|Any CPU
		{5CB52B5D-2491-44FF-AED9-7846F3E92B2E}.AppStore|ARM.ActiveCfg = Release|Any CPU
		{5CB52B5D-2491-44FF-AED9-7846F3E92B2E}.AppStore|ARM.Build.0 = Release|Any CPU
		{5CB52B5D-2491-44FF-AED9-7846F3E92B2E}.AppStore|ARM.Deploy.0 = Release|Any CPU
		{5CB52B5D-2491-44FF-AED9-7846F3E92B2E}.AppStore|iPhone.ActiveCfg = Release|Any CPU
		{5CB52B5D-2491-44FF-AED9-7846F3E92B2E}.AppStore|iPhone.Build.0 = Release|Any CPU
		{5CB52B5D-2491-44FF-AED9-7846F3E92B2E}.AppStore|iPhone.Deploy.0 = Release|Any CPU
		{5CB52B5D-2491-44FF-AED9-7846F3E92B2E}.AppStore|iPhoneSimulator.ActiveCfg = Release|Any CPU
		{5CB52B5D-2491-44FF-AED9-7846F3E92B2E}.AppStore|iPhoneSimulator.Build.0 = Release|Any CPU
		{5CB52B5D-2491-44FF-AED9-7846F3E92B2E}.AppStore|iPhoneSimulator.Deploy.0 = Release|Any CPU
		{5CB52B5D-2491-44FF-AED9-7846F3E92B2E}.AppStore|x86.ActiveCfg = Release|Any CPU
		{5CB52B5D-2491-44FF-AED9-7846F3E92B2E}.AppStore|x86.Build.0 = Release|Any CPU
		{5CB52B5D-2491-44FF-AED9-7846F3E92B2E}.AppStore|x86.Deploy.0 = Release|Any CPU
		{5CB52B5D-2491-44FF-AED9-7846F3E92B2E}.Debug|Any CPU.ActiveCfg = Debug|Any CPU
		{5CB52B5D-2491-44FF-AED9-7846F3E92B2E}.Debug|Any CPU.Build.0 = Debug|Any CPU
		{5CB52B5D-2491-44FF-AED9-7846F3E92B2E}.Debug|Any CPU.Deploy.0 = Debug|Any CPU
		{5CB52B5D-2491-44FF-AED9-7846F3E92B2E}.Debug|ARM.ActiveCfg = Debug|Any CPU
		{5CB52B5D-2491-44FF-AED9-7846F3E92B2E}.Debug|ARM.Build.0 = Debug|Any CPU
		{5CB52B5D-2491-44FF-AED9-7846F3E92B2E}.Debug|ARM.Deploy.0 = Debug|Any CPU
		{5CB52B5D-2491-44FF-AED9-7846F3E92B2E}.Debug|iPhone.ActiveCfg = Debug|Any CPU
		{5CB52B5D-2491-44FF-AED9-7846F3E92B2E}.Debug|iPhone.Build.0 = Debug|Any CPU
		{5CB52B5D-2491-44FF-AED9-7846F3E92B2E}.Debug|iPhone.Deploy.0 = Debug|Any CPU
		{5CB52B5D-2491-44FF-AED9-7846F3E92B2E}.Debug|iPhoneSimulator.ActiveCfg = Debug|Any CPU
		{5CB52B5D-2491-44FF-AED9-7846F3E92B2E}.Debug|iPhoneSimulator.Build.0 = Debug|Any CPU
		{5CB52B5D-2491-44FF-AED9-7846F3E92B2E}.Debug|iPhoneSimulator.Deploy.0 = Debug|Any CPU
		{5CB52B5D-2491-44FF-AED9-7846F3E92B2E}.Debug|x86.ActiveCfg = Debug|Any CPU
		{5CB52B5D-2491-44FF-AED9-7846F3E92B2E}.Debug|x86.Build.0 = Debug|Any CPU
		{5CB52B5D-2491-44FF-AED9-7846F3E92B2E}.Debug|x86.Deploy.0 = Debug|Any CPU
		{5CB52B5D-2491-44FF-AED9-7846F3E92B2E}.Release|Any CPU.ActiveCfg = Release|Any CPU
		{5CB52B5D-2491-44FF-AED9-7846F3E92B2E}.Release|Any CPU.Build.0 = Release|Any CPU
		{5CB52B5D-2491-44FF-AED9-7846F3E92B2E}.Release|Any CPU.Deploy.0 = Release|Any CPU
		{5CB52B5D-2491-44FF-AED9-7846F3E92B2E}.Release|ARM.ActiveCfg = Release|Any CPU
		{5CB52B5D-2491-44FF-AED9-7846F3E92B2E}.Release|ARM.Build.0 = Release|Any CPU
		{5CB52B5D-2491-44FF-AED9-7846F3E92B2E}.Release|ARM.Deploy.0 = Release|Any CPU
		{5CB52B5D-2491-44FF-AED9-7846F3E92B2E}.Release|iPhone.ActiveCfg = Release|Any CPU
		{5CB52B5D-2491-44FF-AED9-7846F3E92B2E}.Release|iPhone.Build.0 = Release|Any CPU
		{5CB52B5D-2491-44FF-AED9-7846F3E92B2E}.Release|iPhone.Deploy.0 = Release|Any CPU
		{5CB52B5D-2491-44FF-AED9-7846F3E92B2E}.Release|iPhoneSimulator.ActiveCfg = Release|Any CPU
		{5CB52B5D-2491-44FF-AED9-7846F3E92B2E}.Release|iPhoneSimulator.Build.0 = Release|Any CPU
		{5CB52B5D-2491-44FF-AED9-7846F3E92B2E}.Release|iPhoneSimulator.Deploy.0 = Release|Any CPU
		{5CB52B5D-2491-44FF-AED9-7846F3E92B2E}.Release|x86.ActiveCfg = Release|Any CPU
		{5CB52B5D-2491-44FF-AED9-7846F3E92B2E}.Release|x86.Build.0 = Release|Any CPU
		{5CB52B5D-2491-44FF-AED9-7846F3E92B2E}.Release|x86.Deploy.0 = Release|Any CPU
		{722115BF-587D-43A5-A241-96D4DEF2E693}.Ad-Hoc|Any CPU.ActiveCfg = Release|Any CPU
		{722115BF-587D-43A5-A241-96D4DEF2E693}.Ad-Hoc|Any CPU.Build.0 = Release|Any CPU
		{722115BF-587D-43A5-A241-96D4DEF2E693}.Ad-Hoc|Any CPU.Deploy.0 = Release|Any CPU
		{722115BF-587D-43A5-A241-96D4DEF2E693}.Ad-Hoc|ARM.ActiveCfg = Release|ARM
		{722115BF-587D-43A5-A241-96D4DEF2E693}.Ad-Hoc|ARM.Build.0 = Release|ARM
		{722115BF-587D-43A5-A241-96D4DEF2E693}.Ad-Hoc|ARM.Deploy.0 = Release|ARM
		{722115BF-587D-43A5-A241-96D4DEF2E693}.Ad-Hoc|iPhone.ActiveCfg = Release|Any CPU
		{722115BF-587D-43A5-A241-96D4DEF2E693}.Ad-Hoc|iPhone.Build.0 = Release|Any CPU
		{722115BF-587D-43A5-A241-96D4DEF2E693}.Ad-Hoc|iPhone.Deploy.0 = Release|Any CPU
		{722115BF-587D-43A5-A241-96D4DEF2E693}.Ad-Hoc|iPhoneSimulator.ActiveCfg = Release|Any CPU
		{722115BF-587D-43A5-A241-96D4DEF2E693}.Ad-Hoc|iPhoneSimulator.Build.0 = Release|Any CPU
		{722115BF-587D-43A5-A241-96D4DEF2E693}.Ad-Hoc|iPhoneSimulator.Deploy.0 = Release|Any CPU
		{722115BF-587D-43A5-A241-96D4DEF2E693}.Ad-Hoc|x86.ActiveCfg = Release|x86
		{722115BF-587D-43A5-A241-96D4DEF2E693}.Ad-Hoc|x86.Build.0 = Release|x86
		{722115BF-587D-43A5-A241-96D4DEF2E693}.Ad-Hoc|x86.Deploy.0 = Release|x86
		{722115BF-587D-43A5-A241-96D4DEF2E693}.AppStore|Any CPU.ActiveCfg = Release|Any CPU
		{722115BF-587D-43A5-A241-96D4DEF2E693}.AppStore|Any CPU.Build.0 = Release|Any CPU
		{722115BF-587D-43A5-A241-96D4DEF2E693}.AppStore|Any CPU.Deploy.0 = Release|Any CPU
		{722115BF-587D-43A5-A241-96D4DEF2E693}.AppStore|ARM.ActiveCfg = Release|ARM
		{722115BF-587D-43A5-A241-96D4DEF2E693}.AppStore|ARM.Build.0 = Release|ARM
		{722115BF-587D-43A5-A241-96D4DEF2E693}.AppStore|ARM.Deploy.0 = Release|ARM
		{722115BF-587D-43A5-A241-96D4DEF2E693}.AppStore|iPhone.ActiveCfg = Release|Any CPU
		{722115BF-587D-43A5-A241-96D4DEF2E693}.AppStore|iPhone.Build.0 = Release|Any CPU
		{722115BF-587D-43A5-A241-96D4DEF2E693}.AppStore|iPhone.Deploy.0 = Release|Any CPU
		{722115BF-587D-43A5-A241-96D4DEF2E693}.AppStore|iPhoneSimulator.ActiveCfg = Release|Any CPU
		{722115BF-587D-43A5-A241-96D4DEF2E693}.AppStore|iPhoneSimulator.Build.0 = Release|Any CPU
		{722115BF-587D-43A5-A241-96D4DEF2E693}.AppStore|iPhoneSimulator.Deploy.0 = Release|Any CPU
		{722115BF-587D-43A5-A241-96D4DEF2E693}.AppStore|x86.ActiveCfg = Release|x86
		{722115BF-587D-43A5-A241-96D4DEF2E693}.AppStore|x86.Build.0 = Release|x86
		{722115BF-587D-43A5-A241-96D4DEF2E693}.AppStore|x86.Deploy.0 = Release|x86
		{722115BF-587D-43A5-A241-96D4DEF2E693}.Debug|Any CPU.ActiveCfg = Debug|Any CPU
		{722115BF-587D-43A5-A241-96D4DEF2E693}.Debug|Any CPU.Build.0 = Debug|Any CPU
		{722115BF-587D-43A5-A241-96D4DEF2E693}.Debug|Any CPU.Deploy.0 = Debug|Any CPU
		{722115BF-587D-43A5-A241-96D4DEF2E693}.Debug|ARM.ActiveCfg = Debug|ARM
		{722115BF-587D-43A5-A241-96D4DEF2E693}.Debug|ARM.Build.0 = Debug|ARM
		{722115BF-587D-43A5-A241-96D4DEF2E693}.Debug|ARM.Deploy.0 = Debug|ARM
		{722115BF-587D-43A5-A241-96D4DEF2E693}.Debug|iPhone.ActiveCfg = Debug|Any CPU
		{722115BF-587D-43A5-A241-96D4DEF2E693}.Debug|iPhone.Build.0 = Debug|Any CPU
		{722115BF-587D-43A5-A241-96D4DEF2E693}.Debug|iPhone.Deploy.0 = Debug|Any CPU
		{722115BF-587D-43A5-A241-96D4DEF2E693}.Debug|iPhoneSimulator.ActiveCfg = Debug|Any CPU
		{722115BF-587D-43A5-A241-96D4DEF2E693}.Debug|iPhoneSimulator.Build.0 = Debug|Any CPU
		{722115BF-587D-43A5-A241-96D4DEF2E693}.Debug|iPhoneSimulator.Deploy.0 = Debug|Any CPU
		{722115BF-587D-43A5-A241-96D4DEF2E693}.Debug|x86.ActiveCfg = Debug|x86
		{722115BF-587D-43A5-A241-96D4DEF2E693}.Debug|x86.Build.0 = Debug|x86
		{722115BF-587D-43A5-A241-96D4DEF2E693}.Debug|x86.Deploy.0 = Debug|x86
		{722115BF-587D-43A5-A241-96D4DEF2E693}.Release|Any CPU.ActiveCfg = Release|Any CPU
		{722115BF-587D-43A5-A241-96D4DEF2E693}.Release|Any CPU.Build.0 = Release|Any CPU
		{722115BF-587D-43A5-A241-96D4DEF2E693}.Release|Any CPU.Deploy.0 = Release|Any CPU
		{722115BF-587D-43A5-A241-96D4DEF2E693}.Release|ARM.ActiveCfg = Release|ARM
		{722115BF-587D-43A5-A241-96D4DEF2E693}.Release|ARM.Build.0 = Release|ARM
		{722115BF-587D-43A5-A241-96D4DEF2E693}.Release|ARM.Deploy.0 = Release|ARM
		{722115BF-587D-43A5-A241-96D4DEF2E693}.Release|iPhone.ActiveCfg = Release|Any CPU
		{722115BF-587D-43A5-A241-96D4DEF2E693}.Release|iPhone.Build.0 = Release|Any CPU
		{722115BF-587D-43A5-A241-96D4DEF2E693}.Release|iPhone.Deploy.0 = Release|Any CPU
		{722115BF-587D-43A5-A241-96D4DEF2E693}.Release|iPhoneSimulator.ActiveCfg = Release|Any CPU
		{722115BF-587D-43A5-A241-96D4DEF2E693}.Release|iPhoneSimulator.Build.0 = Release|Any CPU
		{722115BF-587D-43A5-A241-96D4DEF2E693}.Release|iPhoneSimulator.Deploy.0 = Release|Any CPU
		{722115BF-587D-43A5-A241-96D4DEF2E693}.Release|x86.ActiveCfg = Release|x86
		{722115BF-587D-43A5-A241-96D4DEF2E693}.Release|x86.Build.0 = Release|x86
		{722115BF-587D-43A5-A241-96D4DEF2E693}.Release|x86.Deploy.0 = Release|x86
		{67F9D3A8-F71E-4428-913F-C37AE82CDB24}.Ad-Hoc|Any CPU.ActiveCfg = Release|Any CPU
		{67F9D3A8-F71E-4428-913F-C37AE82CDB24}.Ad-Hoc|Any CPU.Build.0 = Release|Any CPU
		{67F9D3A8-F71E-4428-913F-C37AE82CDB24}.Ad-Hoc|ARM.ActiveCfg = Release|Any CPU
		{67F9D3A8-F71E-4428-913F-C37AE82CDB24}.Ad-Hoc|ARM.Build.0 = Release|Any CPU
		{67F9D3A8-F71E-4428-913F-C37AE82CDB24}.Ad-Hoc|iPhone.ActiveCfg = Release|Any CPU
		{67F9D3A8-F71E-4428-913F-C37AE82CDB24}.Ad-Hoc|iPhone.Build.0 = Release|Any CPU
		{67F9D3A8-F71E-4428-913F-C37AE82CDB24}.Ad-Hoc|iPhoneSimulator.ActiveCfg = Release|Any CPU
		{67F9D3A8-F71E-4428-913F-C37AE82CDB24}.Ad-Hoc|iPhoneSimulator.Build.0 = Release|Any CPU
		{67F9D3A8-F71E-4428-913F-C37AE82CDB24}.Ad-Hoc|x86.ActiveCfg = Release|Any CPU
		{67F9D3A8-F71E-4428-913F-C37AE82CDB24}.Ad-Hoc|x86.Build.0 = Release|Any CPU
		{67F9D3A8-F71E-4428-913F-C37AE82CDB24}.AppStore|Any CPU.ActiveCfg = Release|Any CPU
		{67F9D3A8-F71E-4428-913F-C37AE82CDB24}.AppStore|Any CPU.Build.0 = Release|Any CPU
		{67F9D3A8-F71E-4428-913F-C37AE82CDB24}.AppStore|ARM.ActiveCfg = Release|Any CPU
		{67F9D3A8-F71E-4428-913F-C37AE82CDB24}.AppStore|ARM.Build.0 = Release|Any CPU
		{67F9D3A8-F71E-4428-913F-C37AE82CDB24}.AppStore|iPhone.ActiveCfg = Release|Any CPU
		{67F9D3A8-F71E-4428-913F-C37AE82CDB24}.AppStore|iPhone.Build.0 = Release|Any CPU
		{67F9D3A8-F71E-4428-913F-C37AE82CDB24}.AppStore|iPhoneSimulator.ActiveCfg = Release|Any CPU
		{67F9D3A8-F71E-4428-913F-C37AE82CDB24}.AppStore|iPhoneSimulator.Build.0 = Release|Any CPU
		{67F9D3A8-F71E-4428-913F-C37AE82CDB24}.AppStore|x86.ActiveCfg = Release|Any CPU
		{67F9D3A8-F71E-4428-913F-C37AE82CDB24}.AppStore|x86.Build.0 = Release|Any CPU
		{67F9D3A8-F71E-4428-913F-C37AE82CDB24}.Debug|Any CPU.ActiveCfg = Debug|Any CPU
		{67F9D3A8-F71E-4428-913F-C37AE82CDB24}.Debug|Any CPU.Build.0 = Debug|Any CPU
		{67F9D3A8-F71E-4428-913F-C37AE82CDB24}.Debug|ARM.ActiveCfg = Debug|Any CPU
		{67F9D3A8-F71E-4428-913F-C37AE82CDB24}.Debug|ARM.Build.0 = Debug|Any CPU
		{67F9D3A8-F71E-4428-913F-C37AE82CDB24}.Debug|iPhone.ActiveCfg = Debug|Any CPU
		{67F9D3A8-F71E-4428-913F-C37AE82CDB24}.Debug|iPhone.Build.0 = Debug|Any CPU
		{67F9D3A8-F71E-4428-913F-C37AE82CDB24}.Debug|iPhoneSimulator.ActiveCfg = Debug|Any CPU
		{67F9D3A8-F71E-4428-913F-C37AE82CDB24}.Debug|iPhoneSimulator.Build.0 = Debug|Any CPU
		{67F9D3A8-F71E-4428-913F-C37AE82CDB24}.Debug|x86.ActiveCfg = Debug|Any CPU
		{67F9D3A8-F71E-4428-913F-C37AE82CDB24}.Debug|x86.Build.0 = Debug|Any CPU
		{67F9D3A8-F71E-4428-913F-C37AE82CDB24}.Release|Any CPU.ActiveCfg = Release|Any CPU
		{67F9D3A8-F71E-4428-913F-C37AE82CDB24}.Release|Any CPU.Build.0 = Release|Any CPU
		{67F9D3A8-F71E-4428-913F-C37AE82CDB24}.Release|ARM.ActiveCfg = Release|Any CPU
		{67F9D3A8-F71E-4428-913F-C37AE82CDB24}.Release|ARM.Build.0 = Release|Any CPU
		{67F9D3A8-F71E-4428-913F-C37AE82CDB24}.Release|iPhone.ActiveCfg = Release|Any CPU
		{67F9D3A8-F71E-4428-913F-C37AE82CDB24}.Release|iPhone.Build.0 = Release|Any CPU
		{67F9D3A8-F71E-4428-913F-C37AE82CDB24}.Release|iPhoneSimulator.ActiveCfg = Release|Any CPU
		{67F9D3A8-F71E-4428-913F-C37AE82CDB24}.Release|iPhoneSimulator.Build.0 = Release|Any CPU
		{67F9D3A8-F71E-4428-913F-C37AE82CDB24}.Release|x86.ActiveCfg = Release|Any CPU
		{67F9D3A8-F71E-4428-913F-C37AE82CDB24}.Release|x86.Build.0 = Release|Any CPU
	EndGlobalSection
	GlobalSection(SolutionProperties) = preSolution
		HideSolutionNode = FALSE
	EndGlobalSection
EndGlobal
